
Microsoft Visual Studio Solution File, Format Version 12.00
# Visual Studio 14
VisualStudioVersion = 14.0.23107.0
MinimumVisualStudioVersion = 10.0.40219.1
Project("{FAE04EC0-301F-11D3-BF4B-00C04F79EFBC}") = "LoupGarou.Test", "LoupGarouTest\LoupGarou.Test.csproj", "{6DA17074-DC51-43E4-9D3B-BC1B6D5FD5F0}"
EndProject
Project("{FAE04EC0-301F-11D3-BF4B-00C04F79EFBC}") = "LoupGarou.Specs", "LoupGarou.Specs\LoupGarou.Specs.csproj", "{1457EC08-914D-4C5E-8D33-AFFBD7D56875}"
EndProject
Project("{FAE04EC0-301F-11D3-BF4B-00C04F79EFBC}") = "LoupGarou.Core", "LoupGarou.Core\ClassLibrary1\LoupGarou.Core.csproj", "{28AB99F3-618C-4C7D-81DE-18B09FFACD1F}"
EndProject
Project("{FAE04EC0-301F-11D3-BF4B-00C04F79EFBC}") = "LoupGarou.Console", "LoupGarou.Console\LoupGarou.Console.csproj", "{3220EF86-12FA-4106-AF86-6DC0B873749B}"
EndProject
Global
	GlobalSection(SolutionConfigurationPlatforms) = preSolution
		Debug|Any CPU = Debug|Any CPU
		Release|Any CPU = Release|Any CPU
	EndGlobalSection
	GlobalSection(ProjectConfigurationPlatforms) = postSolution
		{6DA17074-DC51-43E4-9D3B-BC1B6D5FD5F0}.Debug|Any CPU.ActiveCfg = Debug|Any CPU
		{6DA17074-DC51-43E4-9D3B-BC1B6D5FD5F0}.Debug|Any CPU.Build.0 = Debug|Any CPU
		{6DA17074-DC51-43E4-9D3B-BC1B6D5FD5F0}.Release|Any CPU.ActiveCfg = Release|Any CPU
		{6DA17074-DC51-43E4-9D3B-BC1B6D5FD5F0}.Release|Any CPU.Build.0 = Release|Any CPU
		{1457EC08-914D-4C5E-8D33-AFFBD7D56875}.Debug|Any CPU.ActiveCfg = Debug|Any CPU
		{1457EC08-914D-4C5E-8D33-AFFBD7D56875}.Debug|Any CPU.Build.0 = Debug|Any CPU
		{1457EC08-914D-4C5E-8D33-AFFBD7D56875}.Release|Any CPU.ActiveCfg = Release|Any CPU
		{1457EC08-914D-4C5E-8D33-AFFBD7D56875}.Release|Any CPU.Build.0 = Release|Any CPU
		{28AB99F3-618C-4C7D-81DE-18B09FFACD1F}.Debug|Any CPU.ActiveCfg = Debug|Any CPU
		{28AB99F3-618C-4C7D-81DE-18B09FFACD1F}.Debug|Any CPU.Build.0 = Debug|Any CPU
		{28AB99F3-618C-4C7D-81DE-18B09FFACD1F}.Release|Any CPU.ActiveCfg = Release|Any CPU
		{28AB99F3-618C-4C7D-81DE-18B09FFACD1F}.Release|Any CPU.Build.0 = Release|Any CPU
		{3220EF86-12FA-4106-AF86-6DC0B873749B}.Debug|Any CPU.ActiveCfg = Debug|Any CPU
		{3220EF86-12FA-4106-AF86-6DC0B873749B}.Debug|Any CPU.Build.0 = Debug|Any CPU
		{3220EF86-12FA-4106-AF86-6DC0B873749B}.Release|Any CPU.ActiveCfg = Release|Any CPU
		{3220EF86-12FA-4106-AF86-6DC0B873749B}.Release|Any CPU.Build.0 = Release|Any CPU
	EndGlobalSection
	GlobalSection(SolutionProperties) = preSolution
		HideSolutionNode = FALSE
	EndGlobalSection
EndGlobal
